
Microsoft Visual Studio Solution File, Format Version 12.00
# Visual Studio Version 17
VisualStudioVersion = 17.9.34407.89
MinimumVisualStudioVersion = 10.0.40219.1
Project("{9A19103F-16F7-4668-BE54-9A1E7A4F7556}") = "UdpSend", "UdpSend.csproj", "{6AAFE97D-7F11-468C-8FBC-114A216116CC}"
EndProject
Global
	GlobalSection(SolutionConfigurationPlatforms) = preSolution
		Debug|Any CPU = Debug|Any CPU
		Release|Any CPU = Release|Any CPU
	EndGlobalSection
	GlobalSection(ProjectConfigurationPlatforms) = postSolution
		{6AAFE97D-7F11-468C-8FBC-114A216116CC}.Debug|Any CPU.ActiveCfg = Debug|Any CPU
		{6AAFE97D-7F11-468C-8FBC-114A216116CC}.Debug|Any CPU.Build.0 = Debug|Any CPU
		{6AAFE97D-7F11-468C-8FBC-114A216116CC}.Release|Any CPU.ActiveCfg = Release|Any CPU
		{6AAFE97D-7F11-468C-8FBC-114A216116CC}.Release|Any CPU.Build.0 = Release|Any CPU
	EndGlobalSection
	GlobalSection(SolutionProperties) = preSolution
		HideSolutionNode = FALSE
	EndGlobalSection
	GlobalSection(ExtensibilityGlobals) = postSolution
		SolutionGuid = {5A4E982F-6540-40A4-8F40-70A17FADA8F5}
	EndGlobalSection
EndGlobal
